// !$*UTF8*$!
{
	archiveVersion = 1;
	classes = {
	};
	objectVersion = 46;
	objects = {

/* Begin PBXBuildFile section */
		3891A674A1AC1E9CABE10298 /* Pods_wheelTests.framework in Frameworks */ = {isa = PBXBuildFile; fileRef = B118E7C62B242C64263531DB /* Pods_wheelTests.framework */; };
		7C4133051F7DDE94002E795E /* AppDelegate.swift in Sources */ = {isa = PBXBuildFile; fileRef = 7C4133041F7DDE94002E795E /* AppDelegate.swift */; };
		7C4133071F7DDE94002E795E /* ViewController.swift in Sources */ = {isa = PBXBuildFile; fileRef = 7C4133061F7DDE94002E795E /* ViewController.swift */; };
		7C41330A1F7DDE94002E795E /* Main.storyboard in Resources */ = {isa = PBXBuildFile; fileRef = 7C4133081F7DDE94002E795E /* Main.storyboard */; };
		7C41330C1F7DDE94002E795E /* Assets.xcassets in Resources */ = {isa = PBXBuildFile; fileRef = 7C41330B1F7DDE94002E795E /* Assets.xcassets */; };
		7C41330F1F7DDE94002E795E /* LaunchScreen.storyboard in Resources */ = {isa = PBXBuildFile; fileRef = 7C41330D1F7DDE94002E795E /* LaunchScreen.storyboard */; };
		7C41331A1F7DDE94002E795E /* wheelTests.swift in Sources */ = {isa = PBXBuildFile; fileRef = 7C4133191F7DDE94002E795E /* wheelTests.swift */; };
		7C4133251F7DDE94002E795E /* wheelUITests.swift in Sources */ = {isa = PBXBuildFile; fileRef = 7C4133241F7DDE94002E795E /* wheelUITests.swift */; };
		7C9510D51F80DACA00122DC1 /* phanThuong1.swift in Sources */ = {isa = PBXBuildFile; fileRef = 7C9510D41F80DACA00122DC1 /* phanThuong1.swift */; };
		7C9510D71F80DAE400122DC1 /* phanThuong2.swift in Sources */ = {isa = PBXBuildFile; fileRef = 7C9510D61F80DAE400122DC1 /* phanThuong2.swift */; };
		7C9510D91F80DAF700122DC1 /* phanThuong3.swift in Sources */ = {isa = PBXBuildFile; fileRef = 7C9510D81F80DAF700122DC1 /* phanThuong3.swift */; };
		7CBC1FE11F8A8D3A00D275AE /* ViewController2.swift in Sources */ = {isa = PBXBuildFile; fileRef = 7CBC1FE01F8A8D3A00D275AE /* ViewController2.swift */; };
		7CC6D90E1F8A62DF00F82096 /* myCustomerCell1.swift in Sources */ = {isa = PBXBuildFile; fileRef = 7CC6D90D1F8A62DF00F82096 /* myCustomerCell1.swift */; };
		7CC6D9101F8A6DF400F82096 /* myCustomerCell2.swift in Sources */ = {isa = PBXBuildFile; fileRef = 7CC6D90F1F8A6DF400F82096 /* myCustomerCell2.swift */; };
		7CF7EEC11F7E77A2005EB44B /* MHCViewController.swift in Sources */ = {isa = PBXBuildFile; fileRef = 7CF7EEC01F7E77A2005EB44B /* MHCViewController.swift */; };
		92F522053F25AE2C59BFF9C4 /* Pods_wheel.framework in Frameworks */ = {isa = PBXBuildFile; fileRef = 188C4CBAAE4F2C4E881C8B71 /* Pods_wheel.framework */; };
		ED59E578CAE96BDE483F1E4F /* Pods_wheelUITests.framework in Frameworks */ = {isa = PBXBuildFile; fileRef = C8C6F3BCF3104E03938A29C4 /* Pods_wheelUITests.framework */; };
/* End PBXBuildFile section */

/* Begin PBXContainerItemProxy section */
		7C4133161F7DDE94002E795E /* PBXContainerItemProxy */ = {
			isa = PBXContainerItemProxy;
			containerPortal = 7C4132F91F7DDE94002E795E /* Project object */;
			proxyType = 1;
			remoteGlobalIDString = 7C4133001F7DDE94002E795E;
			remoteInfo = wheel;
		};
		7C4133211F7DDE94002E795E /* PBXContainerItemProxy */ = {
			isa = PBXContainerItemProxy;
			containerPortal = 7C4132F91F7DDE94002E795E /* Project object */;
			proxyType = 1;
			remoteGlobalIDString = 7C4133001F7DDE94002E795E;
			remoteInfo = wheel;
		};
/* End PBXContainerItemProxy section */

/* Begin PBXFileReference section */
		188C4CBAAE4F2C4E881C8B71 /* Pods_wheel.framework */ = {isa = PBXFileReference; explicitFileType = wrapper.framework; includeInIndex = 0; path = Pods_wheel.framework; sourceTree = BUILT_PRODUCTS_DIR; };
		2C347A3205A1FEE61732FDD1 /* Pods-wheelTests.release.xcconfig */ = {isa = PBXFileReference; includeInIndex = 1; lastKnownFileType = text.xcconfig; name = "Pods-wheelTests.release.xcconfig"; path = "Pods/Target Support Files/Pods-wheelTests/Pods-wheelTests.release.xcconfig"; sourceTree = "<group>"; };
		5E130E5FAF6B039B1954F597 /* Pods-wheelTests.debug.xcconfig */ = {isa = PBXFileReference; includeInIndex = 1; lastKnownFileType = text.xcconfig; name = "Pods-wheelTests.debug.xcconfig"; path = "Pods/Target Support Files/Pods-wheelTests/Pods-wheelTests.debug.xcconfig"; sourceTree = "<group>"; };
		64DDAA95824B92A20357F51C /* Pods-wheel.debug.xcconfig */ = {isa = PBXFileReference; includeInIndex = 1; lastKnownFileType = text.xcconfig; name = "Pods-wheel.debug.xcconfig"; path = "Pods/Target Support Files/Pods-wheel/Pods-wheel.debug.xcconfig"; sourceTree = "<group>"; };
		7256F1BE1B0512B6C6B5C639 /* Pods-wheel.release.xcconfig */ = {isa = PBXFileReference; includeInIndex = 1; lastKnownFileType = text.xcconfig; name = "Pods-wheel.release.xcconfig"; path = "Pods/Target Support Files/Pods-wheel/Pods-wheel.release.xcconfig"; sourceTree = "<group>"; };
		7C4133011F7DDE94002E795E /* wheel.app */ = {isa = PBXFileReference; explicitFileType = wrapper.application; includeInIndex = 0; path = wheel.app; sourceTree = BUILT_PRODUCTS_DIR; };
		7C4133041F7DDE94002E795E /* AppDelegate.swift */ = {isa = PBXFileReference; lastKnownFileType = sourcecode.swift; path = AppDelegate.swift; sourceTree = "<group>"; };
		7C4133061F7DDE94002E795E /* ViewController.swift */ = {isa = PBXFileReference; lastKnownFileType = sourcecode.swift; path = ViewController.swift; sourceTree = "<group>"; };
		7C4133091F7DDE94002E795E /* Base */ = {isa = PBXFileReference; lastKnownFileType = file.storyboard; name = Base; path = Base.lproj/Main.storyboard; sourceTree = "<group>"; };
		7C41330B1F7DDE94002E795E /* Assets.xcassets */ = {isa = PBXFileReference; lastKnownFileType = folder.assetcatalog; path = Assets.xcassets; sourceTree = "<group>"; };
		7C41330E1F7DDE94002E795E /* Base */ = {isa = PBXFileReference; lastKnownFileType = file.storyboard; name = Base; path = Base.lproj/LaunchScreen.storyboard; sourceTree = "<group>"; };
		7C4133101F7DDE94002E795E /* Info.plist */ = {isa = PBXFileReference; lastKnownFileType = text.plist.xml; path = Info.plist; sourceTree = "<group>"; };
		7C4133151F7DDE94002E795E /* wheelTests.xctest */ = {isa = PBXFileReference; explicitFileType = wrapper.cfbundle; includeInIndex = 0; path = wheelTests.xctest; sourceTree = BUILT_PRODUCTS_DIR; };
		7C4133191F7DDE94002E795E /* wheelTests.swift */ = {isa = PBXFileReference; lastKnownFileType = sourcecode.swift; path = wheelTests.swift; sourceTree = "<group>"; };
		7C41331B1F7DDE94002E795E /* Info.plist */ = {isa = PBXFileReference; lastKnownFileType = text.plist.xml; path = Info.plist; sourceTree = "<group>"; };
		7C4133201F7DDE94002E795E /* wheelUITests.xctest */ = {isa = PBXFileReference; explicitFileType = wrapper.cfbundle; includeInIndex = 0; path = wheelUITests.xctest; sourceTree = BUILT_PRODUCTS_DIR; };
		7C4133241F7DDE94002E795E /* wheelUITests.swift */ = {isa = PBXFileReference; lastKnownFileType = sourcecode.swift; path = wheelUITests.swift; sourceTree = "<group>"; };
		7C4133261F7DDE94002E795E /* Info.plist */ = {isa = PBXFileReference; lastKnownFileType = text.plist.xml; path = Info.plist; sourceTree = "<group>"; };
		7C9510D41F80DACA00122DC1 /* phanThuong1.swift */ = {isa = PBXFileReference; fileEncoding = 4; lastKnownFileType = sourcecode.swift; path = phanThuong1.swift; sourceTree = "<group>"; };
		7C9510D61F80DAE400122DC1 /* phanThuong2.swift */ = {isa = PBXFileReference; fileEncoding = 4; lastKnownFileType = sourcecode.swift; path = phanThuong2.swift; sourceTree = "<group>"; };
		7C9510D81F80DAF700122DC1 /* phanThuong3.swift */ = {isa = PBXFileReference; fileEncoding = 4; lastKnownFileType = sourcecode.swift; path = phanThuong3.swift; sourceTree = "<group>"; };
		7CBC1FE01F8A8D3A00D275AE /* ViewController2.swift */ = {isa = PBXFileReference; fileEncoding = 4; lastKnownFileType = sourcecode.swift; path = ViewController2.swift; sourceTree = "<group>"; };
		7CC6D90D1F8A62DF00F82096 /* myCustomerCell1.swift */ = {isa = PBXFileReference; fileEncoding = 4; lastKnownFileType = sourcecode.swift; path = myCustomerCell1.swift; sourceTree = "<group>"; };
		7CC6D90F1F8A6DF400F82096 /* myCustomerCell2.swift */ = {isa = PBXFileReference; fileEncoding = 4; lastKnownFileType = sourcecode.swift; path = myCustomerCell2.swift; sourceTree = "<group>"; };
		7CF7EEC01F7E77A2005EB44B /* MHCViewController.swift */ = {isa = PBXFileReference; fileEncoding = 4; lastKnownFileType = sourcecode.swift; path = MHCViewController.swift; sourceTree = "<group>"; };
		8C00376A38D171560D8F8C47 /* Pods-wheelUITests.debug.xcconfig */ = {isa = PBXFileReference; includeInIndex = 1; lastKnownFileType = text.xcconfig; name = "Pods-wheelUITests.debug.xcconfig"; path = "Pods/Target Support Files/Pods-wheelUITests/Pods-wheelUITests.debug.xcconfig"; sourceTree = "<group>"; };
		B118E7C62B242C64263531DB /* Pods_wheelTests.framework */ = {isa = PBXFileReference; explicitFileType = wrapper.framework; includeInIndex = 0; path = Pods_wheelTests.framework; sourceTree = BUILT_PRODUCTS_DIR; };
		C8C6F3BCF3104E03938A29C4 /* Pods_wheelUITests.framework */ = {isa = PBXFileReference; explicitFileType = wrapper.framework; includeInIndex = 0; path = Pods_wheelUITests.framework; sourceTree = BUILT_PRODUCTS_DIR; };
		E959CD7F92E0A6FAFA5DD75C /* Pods-wheelUITests.release.xcconfig */ = {isa = PBXFileReference; includeInIndex = 1; lastKnownFileType = text.xcconfig; name = "Pods-wheelUITests.release.xcconfig"; path = "Pods/Target Support Files/Pods-wheelUITests/Pods-wheelUITests.release.xcconfig"; sourceTree = "<group>"; };
/* End PBXFileReference section */

/* Begin PBXFrameworksBuildPhase section */
		7C4132FE1F7DDE94002E795E /* Frameworks */ = {
			isa = PBXFrameworksBuildPhase;
			buildActionMask = 2147483647;
			files = (
				92F522053F25AE2C59BFF9C4 /* Pods_wheel.framework in Frameworks */,
			);
			runOnlyForDeploymentPostprocessing = 0;
		};
		7C4133121F7DDE94002E795E /* Frameworks */ = {
			isa = PBXFrameworksBuildPhase;
			buildActionMask = 2147483647;
			files = (
				3891A674A1AC1E9CABE10298 /* Pods_wheelTests.framework in Frameworks */,
			);
			runOnlyForDeploymentPostprocessing = 0;
		};
		7C41331D1F7DDE94002E795E /* Frameworks */ = {
			isa = PBXFrameworksBuildPhase;
			buildActionMask = 2147483647;
			files = (
				ED59E578CAE96BDE483F1E4F /* Pods_wheelUITests.framework in Frameworks */,
			);
			runOnlyForDeploymentPostprocessing = 0;
		};
/* End PBXFrameworksBuildPhase section */

/* Begin PBXGroup section */
		7C4132F81F7DDE94002E795E = {
			isa = PBXGroup;
			children = (
				7C4133031F7DDE94002E795E /* wheel */,
				7C4133181F7DDE94002E795E /* wheelTests */,
				7C4133231F7DDE94002E795E /* wheelUITests */,
				7C4133021F7DDE94002E795E /* Products */,
				B8E512DC207C912B96C558FD /* Pods */,
				F85BA6D0098AE7F681439972 /* Frameworks */,
			);
			sourceTree = "<group>";
		};
		7C4133021F7DDE94002E795E /* Products */ = {
			isa = PBXGroup;
			children = (
				7C4133011F7DDE94002E795E /* wheel.app */,
				7C4133151F7DDE94002E795E /* wheelTests.xctest */,
				7C4133201F7DDE94002E795E /* wheelUITests.xctest */,
			);
			name = Products;
			sourceTree = "<group>";
		};
		7C4133031F7DDE94002E795E /* wheel */ = {
			isa = PBXGroup;
			children = (
				7C4133041F7DDE94002E795E /* AppDelegate.swift */,
				7C4133061F7DDE94002E795E /* ViewController.swift */,
				7C4133081F7DDE94002E795E /* Main.storyboard */,
				7C41330B1F7DDE94002E795E /* Assets.xcassets */,
				7C41330D1F7DDE94002E795E /* LaunchScreen.storyboard */,
				7C4133101F7DDE94002E795E /* Info.plist */,
				7CF7EEC01F7E77A2005EB44B /* MHCViewController.swift */,
				7C9510D41F80DACA00122DC1 /* phanThuong1.swift */,
				7C9510D61F80DAE400122DC1 /* phanThuong2.swift */,
				7C9510D81F80DAF700122DC1 /* phanThuong3.swift */,
				7CC6D90D1F8A62DF00F82096 /* myCustomerCell1.swift */,
				7CC6D90F1F8A6DF400F82096 /* myCustomerCell2.swift */,
				7CBC1FE01F8A8D3A00D275AE /* ViewController2.swift */,
			);
			path = wheel;
			sourceTree = "<group>";
		};
		7C4133181F7DDE94002E795E /* wheelTests */ = {
			isa = PBXGroup;
			children = (
				7C4133191F7DDE94002E795E /* wheelTests.swift */,
				7C41331B1F7DDE94002E795E /* Info.plist */,
			);
			path = wheelTests;
			sourceTree = "<group>";
		};
		7C4133231F7DDE94002E795E /* wheelUITests */ = {
			isa = PBXGroup;
			children = (
				7C4133241F7DDE94002E795E /* wheelUITests.swift */,
				7C4133261F7DDE94002E795E /* Info.plist */,
			);
			path = wheelUITests;
			sourceTree = "<group>";
		};
		B8E512DC207C912B96C558FD /* Pods */ = {
			isa = PBXGroup;
			children = (
				64DDAA95824B92A20357F51C /* Pods-wheel.debug.xcconfig */,
				7256F1BE1B0512B6C6B5C639 /* Pods-wheel.release.xcconfig */,
				5E130E5FAF6B039B1954F597 /* Pods-wheelTests.debug.xcconfig */,
				2C347A3205A1FEE61732FDD1 /* Pods-wheelTests.release.xcconfig */,
				8C00376A38D171560D8F8C47 /* Pods-wheelUITests.debug.xcconfig */,
				E959CD7F92E0A6FAFA5DD75C /* Pods-wheelUITests.release.xcconfig */,
			);
			name = Pods;
			sourceTree = "<group>";
		};
		F85BA6D0098AE7F681439972 /* Frameworks */ = {
			isa = PBXGroup;
			children = (
				188C4CBAAE4F2C4E881C8B71 /* Pods_wheel.framework */,
				B118E7C62B242C64263531DB /* Pods_wheelTests.framework */,
				C8C6F3BCF3104E03938A29C4 /* Pods_wheelUITests.framework */,
			);
			name = Frameworks;
			sourceTree = "<group>";
		};
/* End PBXGroup section */

/* Begin PBXNativeTarget section */
		7C4133001F7DDE94002E795E /* wheel */ = {
			isa = PBXNativeTarget;
			buildConfigurationList = 7C4133291F7DDE94002E795E /* Build configuration list for PBXNativeTarget "wheel" */;
			buildPhases = (
				147F9CFE7175B180947A1441 /* [CP] Check Pods Manifest.lock */,
				7C4132FD1F7DDE94002E795E /* Sources */,
				7C4132FE1F7DDE94002E795E /* Frameworks */,
				7C4132FF1F7DDE94002E795E /* Resources */,
				3B8B6A1E09C9D10CF931E09F /* [CP] Embed Pods Frameworks */,
				686186D1B3A2C362EF8C58AE /* [CP] Copy Pods Resources */,
			);
			buildRules = (
			);
			dependencies = (
			);
			name = wheel;
			productName = wheel;
			productReference = 7C4133011F7DDE94002E795E /* wheel.app */;
			productType = "com.apple.product-type.application";
		};
		7C4133141F7DDE94002E795E /* wheelTests */ = {
			isa = PBXNativeTarget;
			buildConfigurationList = 7C41332C1F7DDE94002E795E /* Build configuration list for PBXNativeTarget "wheelTests" */;
			buildPhases = (
				53EC39C40BB89BA3ACB7111A /* [CP] Check Pods Manifest.lock */,
				7C4133111F7DDE94002E795E /* Sources */,
				7C4133121F7DDE94002E795E /* Frameworks */,
				7C4133131F7DDE94002E795E /* Resources */,
				4255EF2281F6A72A04CD8E6B /* [CP] Embed Pods Frameworks */,
				302F51211C304FDD7CCFB343 /* [CP] Copy Pods Resources */,
			);
			buildRules = (
			);
			dependencies = (
				7C4133171F7DDE94002E795E /* PBXTargetDependency */,
			);
			name = wheelTests;
			productName = wheelTests;
			productReference = 7C4133151F7DDE94002E795E /* wheelTests.xctest */;
			productType = "com.apple.product-type.bundle.unit-test";
		};
		7C41331F1F7DDE94002E795E /* wheelUITests */ = {
			isa = PBXNativeTarget;
			buildConfigurationList = 7C41332F1F7DDE94002E795E /* Build configuration list for PBXNativeTarget "wheelUITests" */;
			buildPhases = (
				562834E3A3645F31E57B6B30 /* [CP] Check Pods Manifest.lock */,
				7C41331C1F7DDE94002E795E /* Sources */,
				7C41331D1F7DDE94002E795E /* Frameworks */,
				7C41331E1F7DDE94002E795E /* Resources */,
				38D6C3F2C1FD7759FE4B339A /* [CP] Embed Pods Frameworks */,
				6B62194CC5D6551EFC4A96D2 /* [CP] Copy Pods Resources */,
			);
			buildRules = (
			);
			dependencies = (
				7C4133221F7DDE94002E795E /* PBXTargetDependency */,
			);
			name = wheelUITests;
			productName = wheelUITests;
			productReference = 7C4133201F7DDE94002E795E /* wheelUITests.xctest */;
			productType = "com.apple.product-type.bundle.ui-testing";
		};
/* End PBXNativeTarget section */

/* Begin PBXProject section */
		7C4132F91F7DDE94002E795E /* Project object */ = {
			isa = PBXProject;
			attributes = {
				LastSwiftUpdateCheck = 0830;
				LastUpgradeCheck = 0830;
				ORGANIZATIONNAME = "Nguyen Dinh Dung";
				TargetAttributes = {
					7C4133001F7DDE94002E795E = {
						CreatedOnToolsVersion = 8.3.3;
						DevelopmentTeam = T8UZ5C7N29;
						ProvisioningStyle = Automatic;
					};
					7C4133141F7DDE94002E795E = {
						CreatedOnToolsVersion = 8.3.3;
						DevelopmentTeam = T8UZ5C7N29;
						ProvisioningStyle = Automatic;
						TestTargetID = 7C4133001F7DDE94002E795E;
					};
					7C41331F1F7DDE94002E795E = {
						CreatedOnToolsVersion = 8.3.3;
						DevelopmentTeam = T8UZ5C7N29;
						ProvisioningStyle = Automatic;
						TestTargetID = 7C4133001F7DDE94002E795E;
					};
				};
			};
			buildConfigurationList = 7C4132FC1F7DDE94002E795E /* Build configuration list for PBXProject "wheel" */;
			compatibilityVersion = "Xcode 3.2";
			developmentRegion = English;
			hasScannedForEncodings = 0;
			knownRegions = (
				en,
				Base,
			);
			mainGroup = 7C4132F81F7DDE94002E795E;
			productRefGroup = 7C4133021F7DDE94002E795E /* Products */;
			projectDirPath = "";
			projectRoot = "";
			targets = (
				7C4133001F7DDE94002E795E /* wheel */,
				7C4133141F7DDE94002E795E /* wheelTests */,
				7C41331F1F7DDE94002E795E /* wheelUITests */,
			);
		};
/* End PBXProject section */

/* Begin PBXResourcesBuildPhase section */
		7C4132FF1F7DDE94002E795E /* Resources */ = {
			isa = PBXResourcesBuildPhase;
			buildActionMask = 2147483647;
			files = (
				7C41330F1F7DDE94002E795E /* LaunchScreen.storyboard in Resources */,
				7C41330C1F7DDE94002E795E /* Assets.xcassets in Resources */,
				7C41330A1F7DDE94002E795E /* Main.storyboard in Resources */,
			);
			runOnlyForDeploymentPostprocessing = 0;
		};
		7C4133131F7DDE94002E795E /* Resources */ = {
			isa = PBXResourcesBuildPhase;
			buildActionMask = 2147483647;
			files = (
			);
			runOnlyForDeploymentPostprocessing = 0;
		};
		7C41331E1F7DDE94002E795E /* Resources */ = {
			isa = PBXResourcesBuildPhase;
			buildActionMask = 2147483647;
			files = (
			);
			runOnlyForDeploymentPostprocessing = 0;
		};
/* End PBXResourcesBuildPhase section */

/* Begin PBXShellScriptBuildPhase section */
		147F9CFE7175B180947A1441 /* [CP] Check Pods Manifest.lock */ = {
			isa = PBXShellScriptBuildPhase;
			buildActionMask = 2147483647;
			files = (
			);
			inputPaths = (
				"${PODS_PODFILE_DIR_PATH}/Podfile.lock",
				"${PODS_ROOT}/Manifest.lock",
			);
			name = "[CP] Check Pods Manifest.lock";
			outputPaths = (
				"$(DERIVED_FILE_DIR)/Pods-wheel-checkManifestLockResult.txt",
			);
			runOnlyForDeploymentPostprocessing = 0;
			shellPath = /bin/sh;
			shellScript = "diff \"${PODS_PODFILE_DIR_PATH}/Podfile.lock\" \"${PODS_ROOT}/Manifest.lock\" > /dev/null\nif [ $? != 0 ] ; then\n    # print error to STDERR\n    echo \"error: The sandbox is not in sync with the Podfile.lock. Run 'pod install' or update your CocoaPods installation.\" >&2\n    exit 1\nfi\n# This output is used by Xcode 'outputs' to avoid re-running this script phase.\necho \"SUCCESS\" > \"${SCRIPT_OUTPUT_FILE_0}\"\n";
			showEnvVarsInLog = 0;
		};
		302F51211C304FDD7CCFB343 /* [CP] Copy Pods Resources */ = {
			isa = PBXShellScriptBuildPhase;
			buildActionMask = 2147483647;
			files = (
			);
			inputPaths = (
			);
			name = "[CP] Copy Pods Resources";
			outputPaths = (
			);
			runOnlyForDeploymentPostprocessing = 0;
			shellPath = /bin/sh;
			shellScript = "\"${SRCROOT}/Pods/Target Support Files/Pods-wheelTests/Pods-wheelTests-resources.sh\"\n";
			showEnvVarsInLog = 0;
		};
		38D6C3F2C1FD7759FE4B339A /* [CP] Embed Pods Frameworks */ = {
			isa = PBXShellScriptBuildPhase;
			buildActionMask = 2147483647;
			files = (
			);
			inputPaths = (
			);
			name = "[CP] Embed Pods Frameworks";
			outputPaths = (
			);
			runOnlyForDeploymentPostprocessing = 0;
			shellPath = /bin/sh;
			shellScript = "\"${SRCROOT}/Pods/Target Support Files/Pods-wheelUITests/Pods-wheelUITests-frameworks.sh\"\n";
			showEnvVarsInLog = 0;
		};
		3B8B6A1E09C9D10CF931E09F /* [CP] Embed Pods Frameworks */ = {
			isa = PBXShellScriptBuildPhase;
			buildActionMask = 2147483647;
			files = (
			);
			inputPaths = (
				"${SRCROOT}/Pods/Target Support Files/Pods-wheel/Pods-wheel-frameworks.sh",
				"${BUILT_PRODUCTS_DIR}/Toast-Swift/Toast_Swift.framework",
			);
			name = "[CP] Embed Pods Frameworks";
			outputPaths = (
				"${TARGET_BUILD_DIR}/${FRAMEWORKS_FOLDER_PATH}/Toast_Swift.framework",
			);
			runOnlyForDeploymentPostprocessing = 0;
			shellPath = /bin/sh;
			shellScript = "\"${SRCROOT}/Pods/Target Support Files/Pods-wheel/Pods-wheel-frameworks.sh\"\n";
			showEnvVarsInLog = 0;
		};
		4255EF2281F6A72A04CD8E6B /* [CP] Embed Pods Frameworks */ = {
			isa = PBXShellScriptBuildPhase;
			buildActionMask = 2147483647;
			files = (
			);
			inputPaths = (
			);
			name = "[CP] Embed Pods Frameworks";
			outputPaths = (
			);
			runOnlyForDeploymentPostprocessing = 0;
			shellPath = /bin/sh;
			shellScript = "\"${SRCROOT}/Pods/Target Support Files/Pods-wheelTests/Pods-wheelTests-frameworks.sh\"\n";
			showEnvVarsInLog = 0;
		};
		53EC39C40BB89BA3ACB7111A /* [CP] Check Pods Manifest.lock */ = {
			isa = PBXShellScriptBuildPhase;
			buildActionMask = 2147483647;
			files = (
			);
			inputPaths = (
				"${PODS_PODFILE_DIR_PATH}/Podfile.lock",
				"${PODS_ROOT}/Manifest.lock",
			);
			name = "[CP] Check Pods Manifest.lock";
			outputPaths = (
				"$(DERIVED_FILE_DIR)/Pods-wheelTests-checkManifestLockResult.txt",
			);
			runOnlyForDeploymentPostprocessing = 0;
			shellPath = /bin/sh;
			shellScript = "diff \"${PODS_PODFILE_DIR_PATH}/Podfile.lock\" \"${PODS_ROOT}/Manifest.lock\" > /dev/null\nif [ $? != 0 ] ; then\n    # print error to STDERR\n    echo \"error: The sandbox is not in sync with the Podfile.lock. Run 'pod install' or update your CocoaPods installation.\" >&2\n    exit 1\nfi\n# This output is used by Xcode 'outputs' to avoid re-running this script phase.\necho \"SUCCESS\" > \"${SCRIPT_OUTPUT_FILE_0}\"\n";
			showEnvVarsInLog = 0;
		};
		562834E3A3645F31E57B6B30 /* [CP] Check Pods Manifest.lock */ = {
			isa = PBXShellScriptBuildPhase;
			buildActionMask = 2147483647;
			files = (
			);
			inputPaths = (
				"${PODS_PODFILE_DIR_PATH}/Podfile.lock",
				"${PODS_ROOT}/Manifest.lock",
			);
			name = "[CP] Check Pods Manifest.lock";
			outputPaths = (
				"$(DERIVED_FILE_DIR)/Pods-wheelUITests-checkManifestLockResult.txt",
			);
			runOnlyForDeploymentPostprocessing = 0;
			shellPath = /bin/sh;
			shellScript = "diff \"${PODS_PODFILE_DIR_PATH}/Podfile.lock\" \"${PODS_ROOT}/Manifest.lock\" > /dev/null\nif [ $? != 0 ] ; then\n    # print error to STDERR\n    echo \"error: The sandbox is not in sync with the Podfile.lock. Run 'pod install' or update your CocoaPods installation.\" >&2\n    exit 1\nfi\n# This output is used by Xcode 'outputs' to avoid re-running this script phase.\necho \"SUCCESS\" > \"${SCRIPT_OUTPUT_FILE_0}\"\n";
			showEnvVarsInLog = 0;
		};
		686186D1B3A2C362EF8C58AE /* [CP] Copy Pods Resources */ = {
			isa = PBXShellScriptBuildPhase;
			buildActionMask = 2147483647;
			files = (
			);
			inputPaths = (
			);
			name = "[CP] Copy Pods Resources";
			outputPaths = (
			);
			runOnlyForDeploymentPostprocessing = 0;
			shellPath = /bin/sh;
			shellScript = "\"${SRCROOT}/Pods/Target Support Files/Pods-wheel/Pods-wheel-resources.sh\"\n";
			showEnvVarsInLog = 0;
		};
		6B62194CC5D6551EFC4A96D2 /* [CP] Copy Pods Resources */ = {
			isa = PBXShellScriptBuildPhase;
			buildActionMask = 2147483647;
			files = (
			);
			inputPaths = (
			);
			name = "[CP] Copy Pods Resources";
			outputPaths = (
			);
			runOnlyForDeploymentPostprocessing = 0;
			shellPath = /bin/sh;
			shellScript = "\"${SRCROOT}/Pods/Target Support Files/Pods-wheelUITests/Pods-wheelUITests-resources.sh\"\n";
			showEnvVarsInLog = 0;
		};
/* End PBXShellScriptBuildPhase section */

/* Begin PBXSourcesBuildPhase section */
		7C4132FD1F7DDE94002E795E /* Sources */ = {
			isa = PBXSourcesBuildPhase;
			buildActionMask = 2147483647;
			files = (
				7C4133071F7DDE94002E795E /* ViewController.swift in Sources */,
				7C9510D51F80DACA00122DC1 /* phanThuong1.swift in Sources */,
				7CBC1FE11F8A8D3A00D275AE /* ViewController2.swift in Sources */,
				7CC6D9101F8A6DF400F82096 /* myCustomerCell2.swift in Sources */,
				7CF7EEC11F7E77A2005EB44B /* MHCViewController.swift in Sources */,
				7C9510D91F80DAF700122DC1 /* phanThuong3.swift in Sources */,
				7C9510D71F80DAE400122DC1 /* phanThuong2.swift in Sources */,
				7CC6D90E1F8A62DF00F82096 /* myCustomerCell1.swift in Sources */,
				7C4133051F7DDE94002E795E /* AppDelegate.swift in Sources */,
			);
			runOnlyForDeploymentPostprocessing = 0;
		};
		7C4133111F7DDE94002E795E /* Sources */ = {
			isa = PBXSourcesBuildPhase;
			buildActionMask = 2147483647;
			files = (
				7C41331A1F7DDE94002E795E /* wheelTests.swift in Sources */,
			);
			runOnlyForDeploymentPostprocessing = 0;
		};
		7C41331C1F7DDE94002E795E /* Sources */ = {
			isa = PBXSourcesBuildPhase;
			buildActionMask = 2147483647;
			files = (
				7C4133251F7DDE94002E795E /* wheelUITests.swift in Sources */,
			);
			runOnlyForDeploymentPostprocessing = 0;
		};
/* End PBXSourcesBuildPhase section */

/* Begin PBXTargetDependency section */
		7C4133171F7DDE94002E795E /* PBXTargetDependency */ = {
			isa = PBXTargetDependency;
			target = 7C4133001F7DDE94002E795E /* wheel */;
			targetProxy = 7C4133161F7DDE94002E795E /* PBXContainerItemProxy */;
		};
		7C4133221F7DDE94002E795E /* PBXTargetDependency */ = {
			isa = PBXTargetDependency;
			target = 7C4133001F7DDE94002E795E /* wheel */;
			targetProxy = 7C4133211F7DDE94002E795E /* PBXContainerItemProxy */;
		};
/* End PBXTargetDependency section */

/* Begin PBXVariantGroup section */
		7C4133081F7DDE94002E795E /* Main.storyboard */ = {
			isa = PBXVariantGroup;
			children = (
				7C4133091F7DDE94002E795E /* Base */,
			);
			name = Main.storyboard;
			sourceTree = "<group>";
		};
		7C41330D1F7DDE94002E795E /* LaunchScreen.storyboard */ = {
			isa = PBXVariantGroup;
			children = (
				7C41330E1F7DDE94002E795E /* Base */,
			);
			name = LaunchScreen.storyboard;
			sourceTree = "<group>";
		};
/* End PBXVariantGroup section */

/* Begin XCBuildConfiguration section */
		7C4133271F7DDE94002E795E /* Debug */ = {
			isa = XCBuildConfiguration;
			buildSettings = {
				ALWAYS_SEARCH_USER_PATHS = NO;
				CLANG_ANALYZER_NONNULL = YES;
				CLANG_ANALYZER_NUMBER_OBJECT_CONVERSION = YES_AGGRESSIVE;
				CLANG_CXX_LANGUAGE_STANDARD = "gnu++0x";
				CLANG_CXX_LIBRARY = "libc++";
				CLANG_ENABLE_MODULES = YES;
				CLANG_ENABLE_OBJC_ARC = YES;
				CLANG_WARN_BOOL_CONVERSION = YES;
				CLANG_WARN_CONSTANT_CONVERSION = YES;
				CLANG_WARN_DIRECT_OBJC_ISA_USAGE = YES_ERROR;
				CLANG_WARN_DOCUMENTATION_COMMENTS = YES;
				CLANG_WARN_EMPTY_BODY = YES;
				CLANG_WARN_ENUM_CONVERSION = YES;
				CLANG_WARN_INFINITE_RECURSION = YES;
				CLANG_WARN_INT_CONVERSION = YES;
				CLANG_WARN_OBJC_ROOT_CLASS = YES_ERROR;
				CLANG_WARN_SUSPICIOUS_MOVE = YES;
				CLANG_WARN_UNREACHABLE_CODE = YES;
				CLANG_WARN__DUPLICATE_METHOD_MATCH = YES;
				"CODE_SIGN_IDENTITY[sdk=iphoneos*]" = "iPhone Developer";
				COPY_PHASE_STRIP = NO;
				DEBUG_INFORMATION_FORMAT = dwarf;
				ENABLE_STRICT_OBJC_MSGSEND = YES;
				ENABLE_TESTABILITY = YES;
				GCC_C_LANGUAGE_STANDARD = gnu99;
				GCC_DYNAMIC_NO_PIC = NO;
				GCC_NO_COMMON_BLOCKS = YES;
				GCC_OPTIMIZATION_LEVEL = 0;
				GCC_PREPROCESSOR_DEFINITIONS = (
					"DEBUG=1",
					"$(inherited)",
				);
				GCC_WARN_64_TO_32_BIT_CONVERSION = YES;
				GCC_WARN_ABOUT_RETURN_TYPE = YES_ERROR;
				GCC_WARN_UNDECLARED_SELECTOR = YES;
				GCC_WARN_UNINITIALIZED_AUTOS = YES_AGGRESSIVE;
				GCC_WARN_UNUSED_FUNCTION = YES;
				GCC_WARN_UNUSED_VARIABLE = YES;
				IPHONEOS_DEPLOYMENT_TARGET = 10.3;
				MTL_ENABLE_DEBUG_INFO = YES;
				ONLY_ACTIVE_ARCH = YES;
				SDKROOT = iphoneos;
				SWIFT_ACTIVE_COMPILATION_CONDITIONS = DEBUG;
				SWIFT_OPTIMIZATION_LEVEL = "-Onone";
			};
			name = Debug;
		};
		7C4133281F7DDE94002E795E /* Release */ = {
			isa = XCBuildConfiguration;
			buildSettings = {
				ALWAYS_SEARCH_USER_PATHS = NO;
				CLANG_ANALYZER_NONNULL = YES;
				CLANG_ANALYZER_NUMBER_OBJECT_CONVERSION = YES_AGGRESSIVE;
				CLANG_CXX_LANGUAGE_STANDARD = "gnu++0x";
				CLANG_CXX_LIBRARY = "libc++";
				CLANG_ENABLE_MODULES = YES;
				CLANG_ENABLE_OBJC_ARC = YES;
				CLANG_WARN_BOOL_CONVERSION = YES;
				CLANG_WARN_CONSTANT_CONVERSION = YES;
				CLANG_WARN_DIRECT_OBJC_ISA_USAGE = YES_ERROR;
				CLANG_WARN_DOCUMENTATION_COMMENTS = YES;
				CLANG_WARN_EMPTY_BODY = YES;
				CLANG_WARN_ENUM_CONVERSION = YES;
				CLANG_WARN_INFINITE_RECURSION = YES;
				CLANG_WARN_INT_CONVERSION = YES;
				CLANG_WARN_OBJC_ROOT_CLASS = YES_ERROR;
				CLANG_WARN_SUSPICIOUS_MOVE = YES;
				CLANG_WARN_UNREACHABLE_CODE = YES;
				CLANG_WARN__DUPLICATE_METHOD_MATCH = YES;
				"CODE_SIGN_IDENTITY[sdk=iphoneos*]" = "iPhone Developer";
				COPY_PHASE_STRIP = NO;
				DEBUG_INFORMATION_FORMAT = "dwarf-with-dsym";
				ENABLE_NS_ASSERTIONS = NO;
				ENABLE_STRICT_OBJC_MSGSEND = YES;
				GCC_C_LANGUAGE_STANDARD = gnu99;
				GCC_NO_COMMON_BLOCKS = YES;
				GCC_WARN_64_TO_32_BIT_CONVERSION = YES;
				GCC_WARN_ABOUT_RETURN_TYPE = YES_ERROR;
				GCC_WARN_UNDECLARED_SELECTOR = YES;
				GCC_WARN_UNINITIALIZED_AUTOS = YES_AGGRESSIVE;
				GCC_WARN_UNUSED_FUNCTION = YES;
				GCC_WARN_UNUSED_VARIABLE = YES;
				IPHONEOS_DEPLOYMENT_TARGET = 10.3;
				MTL_ENABLE_DEBUG_INFO = NO;
				SDKROOT = iphoneos;
				SWIFT_OPTIMIZATION_LEVEL = "-Owholemodule";
				VALIDATE_PRODUCT = YES;
			};
			name = Release;
		};
		7C41332A1F7DDE94002E795E /* Debug */ = {
			isa = XCBuildConfiguration;
			baseConfigurationReference = 64DDAA95824B92A20357F51C /* Pods-wheel.debug.xcconfig */;
			buildSettings = {
				ASSETCATALOG_COMPILER_APPICON_NAME = AppIcon;
				DEVELOPMENT_TEAM = T8UZ5C7N29;
				INFOPLIST_FILE = wheel/Info.plist;
				LD_RUNPATH_SEARCH_PATHS = "$(inherited) @executable_path/Frameworks";
				PRODUCT_BUNDLE_IDENTIFIER = Ominext.wheel;
				PRODUCT_NAME = "$(TARGET_NAME)";
				SWIFT_VERSION = 3.0;
			};
			name = Debug;
		};
		7C41332B1F7DDE94002E795E /* Release */ = {
			isa = XCBuildConfiguration;
			baseConfigurationReference = 7256F1BE1B0512B6C6B5C639 /* Pods-wheel.release.xcconfig */;
			buildSettings = {
				ASSETCATALOG_COMPILER_APPICON_NAME = AppIcon;
				DEVELOPMENT_TEAM = T8UZ5C7N29;
				INFOPLIST_FILE = wheel/Info.plist;
				LD_RUNPATH_SEARCH_PATHS = "$(inherited) @executable_path/Frameworks";
				PRODUCT_BUNDLE_IDENTIFIER = Ominext.wheel;
				PRODUCT_NAME = "$(TARGET_NAME)";
				SWIFT_VERSION = 3.0;
			};
			name = Release;
		};
		7C41332D1F7DDE94002E795E /* Debug */ = {
			isa = XCBuildConfiguration;
			baseConfigurationReference = 5E130E5FAF6B039B1954F597 /* Pods-wheelTests.debug.xcconfig */;
			buildSettings = {
				ALWAYS_EMBED_SWIFT_STANDARD_LIBRARIES = YES;
				BUNDLE_LOADER = "$(TEST_HOST)";
				DEVELOPMENT_TEAM = T8UZ5C7N29;
				INFOPLIST_FILE = wheelTests/Info.plist;
				LD_RUNPATH_SEARCH_PATHS = "$(inherited) @executable_path/Frameworks @loader_path/Frameworks";
				PRODUCT_BUNDLE_IDENTIFIER = Ominext.wheelTests;
				PRODUCT_NAME = "$(TARGET_NAME)";
				SWIFT_VERSION = 3.0;
				TEST_HOST = "$(BUILT_PRODUCTS_DIR)/wheel.app/wheel";
			};
			name = Debug;
		};
		7C41332E1F7DDE94002E795E /* Release */ = {
			isa = XCBuildConfiguration;
			baseConfigurationReference = 2C347A3205A1FEE61732FDD1 /* Pods-wheelTests.release.xcconfig */;
			buildSettings = {
				ALWAYS_EMBED_SWIFT_STANDARD_LIBRARIES = YES;
				BUNDLE_LOADER = "$(TEST_HOST)";
				DEVELOPMENT_TEAM = T8UZ5C7N29;
				INFOPLIST_FILE = wheelTests/Info.plist;
				LD_RUNPATH_SEARCH_PATHS = "$(inherited) @executable_path/Frameworks @loader_path/Frameworks";
				PRODUCT_BUNDLE_IDENTIFIER = Ominext.wheelTests;
				PRODUCT_NAME = "$(TARGET_NAME)";
				SWIFT_VERSION = 3.0;
				TEST_HOST = "$(BUILT_PRODUCTS_DIR)/wheel.app/wheel";
			};
			name = Release;
		};
		7C4133301F7DDE94002E795E /* Debug */ = {
			isa = XCBuildConfiguration;
			baseConfigurationReference = 8C00376A38D171560D8F8C47 /* Pods-wheelUITests.debug.xcconfig */;
			buildSettings = {
				ALWAYS_EMBED_SWIFT_STANDARD_LIBRARIES = YES;
				DEVELOPMENT_TEAM = T8UZ5C7N29;
				INFOPLIST_FILE = wheelUITests/Info.plist;
				LD_RUNPATH_SEARCH_PATHS = "$(inherited) @executable_path/Frameworks @loader_path/Frameworks";
				PRODUCT_BUNDLE_IDENTIFIER = Ominext.wheelUITests;
				PRODUCT_NAME = "$(TARGET_NAME)";
				SWIFT_VERSION = 3.0;
				TEST_TARGET_NAME = wheel;
			};
			name = Debug;
		};
		7C4133311F7DDE94002E795E /* Release */ = {
			isa = XCBuildConfiguration;
			baseConfigurationReference = E959CD7F92E0A6FAFA5DD75C /* Pods-wheelUITests.release.xcconfig */;
			buildSettings = {
				ALWAYS_EMBED_SWIFT_STANDARD_LIBRARIES = YES;
				DEVELOPMENT_TEAM = T8UZ5C7N29;
				INFOPLIST_FILE = wheelUITests/Info.plist;
				LD_RUNPATH_SEARCH_PATHS = "$(inherited) @executable_path/Frameworks @loader_path/Frameworks";
				PRODUCT_BUNDLE_IDENTIFIER = Ominext.wheelUITests;
				PRODUCT_NAME = "$(TARGET_NAME)";
				SWIFT_VERSION = 3.0;
				TEST_TARGET_NAME = wheel;
			};
			name = Release;
		};
/* End XCBuildConfiguration section */

/* Begin XCConfigurationList section */
		7C4132FC1F7DDE94002E795E /* Build configuration list for PBXProject "wheel" */ = {
			isa = XCConfigurationList;
			buildConfigurations = (
				7C4133271F7DDE94002E795E /* Debug */,
				7C4133281F7DDE94002E795E /* Release */,
			);
			defaultConfigurationIsVisible = 0;
			defaultConfigurationName = Release;
		};
		7C4133291F7DDE94002E795E /* Build configuration list for PBXNativeTarget "wheel" */ = {
			isa = XCConfigurationList;
			buildConfigurations = (
				7C41332A1F7DDE94002E795E /* Debug */,
				7C41332B1F7DDE94002E795E /* Release */,
			);
			defaultConfigurationIsVisible = 0;
			defaultConfigurationName = Release;
		};
		7C41332C1F7DDE94002E795E /* Build configuration list for PBXNativeTarget "wheelTests" */ = {
			isa = XCConfigurationList;
			buildConfigurations = (
				7C41332D1F7DDE94002E795E /* Debug */,
				7C41332E1F7DDE94002E795E /* Release */,
			);
			defaultConfigurationIsVisible = 0;
			defaultConfigurationName = Release;
		};
		7C41332F1F7DDE94002E795E /* Build configuration list for PBXNativeTarget "wheelUITests" */ = {
			isa = XCConfigurationList;
			buildConfigurations = (
				7C4133301F7DDE94002E795E /* Debug */,
				7C4133311F7DDE94002E795E /* Release */,
			);
			defaultConfigurationIsVisible = 0;
			defaultConfigurationName = Release;
		};
/* End XCConfigurationList section */
	};
	rootObject = 7C4132F91F7DDE94002E795E /* Project object */;
}
